
Microsoft Visual Studio Solution File, Format Version 12.00
Project("{FAE04EC0-301F-11D3-BF4B-00C04F79EFBC}") = "DomainOrShared", "DomainOrShared\DomainOrShared.csproj", "{72EFD1E4-F29F-4AB9-B9D2-3C95A88A6879}"
EndProject
Project("{FAE04EC0-301F-11D3-BF4B-00C04F79EFBC}") = "WebAPI", "WebAPI\WebAPI.csproj", "{FF28E651-6ACF-450F-A12E-B12448DFF79A}"
EndProject
Project("{FAE04EC0-301F-11D3-BF4B-00C04F79EFBC}") = "Application", "Application\Application.csproj", "{DC898958-994A-4007-9A6D-FE0F87EDB15C}"
EndProject
Project("{FAE04EC0-301F-11D3-BF4B-00C04F79EFBC}") = "BlazorWASM", "BlazorWASM\BlazorWASM.csproj", "{04E77E81-5880-4A7E-A5EE-42F43E5F5C0E}"
EndProject
Project("{FAE04EC0-301F-11D3-BF4B-00C04F79EFBC}") = "HttpClients", "HttpClients\HttpClients.csproj", "{02DC9BB5-8A7C-4AC1-BD21-C5604C1E868E}"
EndProject
Project("{FAE04EC0-301F-11D3-BF4B-00C04F79EFBC}") = "EfcDataAccess", "EfcDataAccess\EfcDataAccess.csproj", "{606E7DA3-0B4E-4467-8045-1C77D731B14D}"
EndProject
Global
	GlobalSection(SolutionConfigurationPlatforms) = preSolution
		Debug|Any CPU = Debug|Any CPU
		Release|Any CPU = Release|Any CPU
	EndGlobalSection
	GlobalSection(ProjectConfigurationPlatforms) = postSolution
		{72EFD1E4-F29F-4AB9-B9D2-3C95A88A6879}.Debug|Any CPU.ActiveCfg = Debug|Any CPU
		{72EFD1E4-F29F-4AB9-B9D2-3C95A88A6879}.Debug|Any CPU.Build.0 = Debug|Any CPU
		{72EFD1E4-F29F-4AB9-B9D2-3C95A88A6879}.Release|Any CPU.ActiveCfg = Release|Any CPU
		{72EFD1E4-F29F-4AB9-B9D2-3C95A88A6879}.Release|Any CPU.Build.0 = Release|Any CPU
		{FF28E651-6ACF-450F-A12E-B12448DFF79A}.Debug|Any CPU.ActiveCfg = Debug|Any CPU
		{FF28E651-6ACF-450F-A12E-B12448DFF79A}.Debug|Any CPU.Build.0 = Debug|Any CPU
		{FF28E651-6ACF-450F-A12E-B12448DFF79A}.Release|Any CPU.ActiveCfg = Release|Any CPU
		{FF28E651-6ACF-450F-A12E-B12448DFF79A}.Release|Any CPU.Build.0 = Release|Any CPU
		{DC898958-994A-4007-9A6D-FE0F87EDB15C}.Debug|Any CPU.ActiveCfg = Debug|Any CPU
		{DC898958-994A-4007-9A6D-FE0F87EDB15C}.Debug|Any CPU.Build.0 = Debug|Any CPU
		{DC898958-994A-4007-9A6D-FE0F87EDB15C}.Release|Any CPU.ActiveCfg = Release|Any CPU
		{DC898958-994A-4007-9A6D-FE0F87EDB15C}.Release|Any CPU.Build.0 = Release|Any CPU
		{04E77E81-5880-4A7E-A5EE-42F43E5F5C0E}.Debug|Any CPU.ActiveCfg = Debug|Any CPU
		{04E77E81-5880-4A7E-A5EE-42F43E5F5C0E}.Debug|Any CPU.Build.0 = Debug|Any CPU
		{04E77E81-5880-4A7E-A5EE-42F43E5F5C0E}.Release|Any CPU.ActiveCfg = Release|Any CPU
		{04E77E81-5880-4A7E-A5EE-42F43E5F5C0E}.Release|Any CPU.Build.0 = Release|Any CPU
		{02DC9BB5-8A7C-4AC1-BD21-C5604C1E868E}.Debug|Any CPU.ActiveCfg = Debug|Any CPU
		{02DC9BB5-8A7C-4AC1-BD21-C5604C1E868E}.Debug|Any CPU.Build.0 = Debug|Any CPU
		{02DC9BB5-8A7C-4AC1-BD21-C5604C1E868E}.Release|Any CPU.ActiveCfg = Release|Any CPU
		{02DC9BB5-8A7C-4AC1-BD21-C5604C1E868E}.Release|Any CPU.Build.0 = Release|Any CPU
		{606E7DA3-0B4E-4467-8045-1C77D731B14D}.Debug|Any CPU.ActiveCfg = Debug|Any CPU
		{606E7DA3-0B4E-4467-8045-1C77D731B14D}.Debug|Any CPU.Build.0 = Debug|Any CPU
		{606E7DA3-0B4E-4467-8045-1C77D731B14D}.Release|Any CPU.ActiveCfg = Release|Any CPU
		{606E7DA3-0B4E-4467-8045-1C77D731B14D}.Release|Any CPU.Build.0 = Release|Any CPU
	EndGlobalSection
EndGlobal
